
Microsoft Visual Studio Solution File, Format Version 12.00
# Visual Studio Version 16
VisualStudioVersion = 16.0.29403.142
MinimumVisualStudioVersion = 10.0.40219.1
Project("{2150E333-8FDC-42A3-9474-1A3956D46DE8}") = "1.Basic", "1.Basic", "{8D8CD20A-190F-4A61-B5F9-A569A6C1BBBE}"
EndProject
Project("{2150E333-8FDC-42A3-9474-1A3956D46DE8}") = "2.OOP2.1 Fundemantels", "2.OOP2.1 Fundemantels", "{F9416D22-B5F1-4A38-8466-8EA4740988C6}"
EndProject
Project("{2150E333-8FDC-42A3-9474-1A3956D46DE8}") = "3.Intermediate", "3.Intermediate", "{27D3C9FC-C719-4228-A311-8427C561F2C8}"
EndProject
Project("{2150E333-8FDC-42A3-9474-1A3956D46DE8}") = "6.Design Patterns", "6.Design Patterns", "{AE03C70B-4666-4EBE-94AC-75EFD400CCC8}"
EndProject
Project("{2150E333-8FDC-42A3-9474-1A3956D46DE8}") = "7.Test", "7.Test", "{78745C07-4FAA-4697-8947-63D5117DEE60}"
EndProject
Project("{FAE04EC0-301F-11D3-BF4B-00C04F79EFBC}") = "OOP.Encapsulation", "OOP.Encapsulation\OOP.Encapsulation.csproj", "{DFE64714-09B4-48F6-ACCE-C4C3CE60C88E}"
EndProject
Project("{FAE04EC0-301F-11D3-BF4B-00C04F79EFBC}") = "OOP.Abstraction", "OOP.Abstraction\OOP.Abstraction.csproj", "{4581E08C-30D4-43A2-91E6-F9C0F5CE5525}"
EndProject
Project("{FAE04EC0-301F-11D3-BF4B-00C04F79EFBC}") = "OOP.Inheritance", "OOP.Inheritance\OOP.Inheritance.csproj", "{E6967AF1-E0F3-4C00-BAF3-DDD9592B98AF}"
EndProject
Project("{FAE04EC0-301F-11D3-BF4B-00C04F79EFBC}") = "OOP.Polymorphism", "OOP.Polymorphism\OOP.Polymorphism.csproj", "{FEB0A93C-A9B8-4F83-B4C3-7F4744C1390E}"
EndProject
Project("{FAE04EC0-301F-11D3-BF4B-00C04F79EFBC}") = "Intermediate.Delegate", "Intermediate.Delegate\Intermediate.Delegate.csproj", "{73C5BA54-77A7-43F0-8CD4-9B0154F0EC92}"
EndProject
Project("{2150E333-8FDC-42A3-9474-1A3956D46DE8}") = "5.Advanced", "5.Advanced", "{3F175E4C-34E6-4A9D-BF5D-8F4B69211EEE}"
EndProject
Project("{2150E333-8FDC-42A3-9474-1A3956D46DE8}") = "5.1_SOA", "5.1_SOA", "{FDD208B3-EDC9-42B8-AE51-03AB34429B5A}"
EndProject
Project("{FAE04EC0-301F-11D3-BF4B-00C04F79EFBC}") = "SOA.WcfService", "SOA.WcfService\SOA.WcfService.csproj", "{9D27FD24-AEFC-4D8E-AA07-5BBB780C8C6B}"
EndProject
Project("{FAE04EC0-301F-11D3-BF4B-00C04F79EFBC}") = "Test.UnitTest", "Test.UnitTest\Test.UnitTest.csproj", "{68D45797-E4B8-4E3C-B94D-FF9BA69F732A}"
EndProject
Project("{2150E333-8FDC-42A3-9474-1A3956D46DE8}") = "2.OOP2.2 Advanced", "2.OOP2.2 Advanced", "{942DB413-2B54-4792-8B9D-2A311048009F}"
EndProject
Project("{FAE04EC0-301F-11D3-BF4B-00C04F79EFBC}") = "OOP.Generic", "OOP.Generic\OOP.Generic.csproj", "{7C10E7D9-A9F7-42DB-BE36-945C66F70B0F}"
EndProject
Project("{2150E333-8FDC-42A3-9474-1A3956D46DE8}") = "4.Database", "4.Database", "{BF551718-CC83-4F84-9CFA-93DCAFC35C6D}"
EndProject
Project("{FAE04EC0-301F-11D3-BF4B-00C04F79EFBC}") = "DB.ADONET", "DB.ADONET\DB.ADONET.csproj", "{7F929F65-FEB8-4DA7-9BBD-B034749F1993}"
EndProject
Project("{2150E333-8FDC-42A3-9474-1A3956D46DE8}") = "Libs", "Libs", "{3870B7A6-F5A4-4F7C-BD68-3B17EEB5F939}"
	ProjectSection(SolutionItems) = preProject
		..\..\..\Downloads\AutoMapper.dll = ..\..\..\Downloads\AutoMapper.dll
		SOA.WebService\bin\EntityFramework.dll = SOA.WebService\bin\EntityFramework.dll
		SOA.WebService\bin\EntityFramework.SqlServer.dll = SOA.WebService\bin\EntityFramework.SqlServer.dll
		..\..\..\Downloads\FastMember.dll = ..\..\..\Downloads\FastMember.dll
	EndProjectSection
EndProject
Project("{2150E333-8FDC-42A3-9474-1A3956D46DE8}") = "6.1 Repository Pattern", "6.1 Repository Pattern", "{797B1681-021A-4232-8E95-BDF2123B91C6}"
EndProject
Project("{2150E333-8FDC-42A3-9474-1A3956D46DE8}") = "6.1.1 Domain Layer", "6.1.1 Domain Layer", "{2EFB80E9-4A8B-4696-A0D1-A677680F12FB}"
EndProject
Project("{2150E333-8FDC-42A3-9474-1A3956D46DE8}") = "6.1.2 Infrastructure Layer", "6.1.2 Infrastructure Layer", "{5C94F5E8-5217-419D-9019-A194B5CCE09C}"
EndProject
Project("{2150E333-8FDC-42A3-9474-1A3956D46DE8}") = "6.1.3 Service Layer", "6.1.3 Service Layer", "{2AAE7008-0B2F-4674-A7A7-CC140224FEF0}"
EndProject
Project("{2150E333-8FDC-42A3-9474-1A3956D46DE8}") = "6.1.4 Presentation Layer", "6.1.4 Presentation Layer", "{461B5521-42DD-4CF9-8D86-756CF138F74E}"
EndProject
Project("{FAE04EC0-301F-11D3-BF4B-00C04F79EFBC}") = "Pattern.Domain", "Pattern.Domain\Pattern.Domain.csproj", "{F74F2309-7BAF-4E89-A6FD-7873CE051B2C}"
EndProject
Project("{FAE04EC0-301F-11D3-BF4B-00C04F79EFBC}") = "Infrastructure.Data", "Infrastructure.Data\Infrastructure.Data.csproj", "{536BDC08-04FB-4C16-A50B-DF80C03B694B}"
EndProject
Project("{2150E333-8FDC-42A3-9474-1A3956D46DE8}") = "_Shared", "_Shared", "{2C28057B-E690-46E8-B41D-FF92169582B8}"
EndProject
Project("{FAE04EC0-301F-11D3-BF4B-00C04F79EFBC}") = "JustLearn.CustomControls", "JustLearn.CustomControls\JustLearn.CustomControls.csproj", "{06E5D9E3-1835-4C6D-AF86-FC1D43D52E74}"
EndProject
Project("{FAE04EC0-301F-11D3-BF4B-00C04F79EFBC}") = "JustLearn.CustomAttributes", "JustLearn.CustomAttributes\JustLearn.CustomAttributes.csproj", "{E74131E9-9556-48D6-A3B1-918A8307707A}"
EndProject
Project("{FAE04EC0-301F-11D3-BF4B-00C04F79EFBC}") = "JustLearn.CustomExtensions", "JustLearn.CustomExtensions\JustLearn.CustomExtensions.csproj", "{EF10B184-0FDE-4DC9-BDC8-08D8CDCF2D0F}"
EndProject
Project("{FAE04EC0-301F-11D3-BF4B-00C04F79EFBC}") = "JustLearn.DTO", "JustLearn.DTO\JustLearn.DTO.csproj", "{E233CFED-EFCA-42F6-B83C-6B453DB10DF4}"
EndProject
Project("{2150E333-8FDC-42A3-9474-1A3956D46DE8}") = "ASP.NET", "ASP.NET", "{A5D6A24D-DC37-4D50-B09D-72CEB3C2AA15}"
EndProject
Project("{2150E333-8FDC-42A3-9474-1A3956D46DE8}") = "1.1 Client Side Programming", "1.1 Client Side Programming", "{836A7D54-72F1-4C2E-AF1D-919117243A5C}"
EndProject
Project("{FAE04EC0-301F-11D3-BF4B-00C04F79EFBC}") = "SOA.WebService", "SOA.WebService\SOA.WebService.csproj", "{CCB4CFFD-1017-477E-BB65-D8BE44EDF79E}"
EndProject
Project("{FAE04EC0-301F-11D3-BF4B-00C04F79EFBC}") = "SOA.UI", "SOA.UI\SOA.UI.csproj", "{2D6A93D8-3CC4-4389-819A-4A379166BA52}"
	ProjectSection(ProjectDependencies) = postProject
		{9D27FD24-AEFC-4D8E-AA07-5BBB780C8C6B} = {9D27FD24-AEFC-4D8E-AA07-5BBB780C8C6B}
		{CCB4CFFD-1017-477E-BB65-D8BE44EDF79E} = {CCB4CFFD-1017-477E-BB65-D8BE44EDF79E}
	EndProjectSection
EndProject
Project("{FAE04EC0-301F-11D3-BF4B-00C04F79EFBC}") = "Infrastructure.Repository", "Infrastructure.Repository\Infrastructure.Repository.csproj", "{8BF7EAD4-FEBC-4EB1-A319-226BC192E165}"
EndProject
Project("{FAE04EC0-301F-11D3-BF4B-00C04F79EFBC}") = "Service.ProductWcfService", "Service.ProductWcfService\Service.ProductWcfService.csproj", "{D2430EB1-AD0F-411F-9001-783B9A329464}"
EndProject
Project("{FAE04EC0-301F-11D3-BF4B-00C04F79EFBC}") = "Repository.UI", "Repository.UI\Repository.UI.csproj", "{3A49895A-563C-4704-A789-05770C402DDB}"
	ProjectSection(ProjectDependencies) = postProject
		{D2430EB1-AD0F-411F-9001-783B9A329464} = {D2430EB1-AD0F-411F-9001-783B9A329464}
	EndProjectSection
EndProject
Project("{FAE04EC0-301F-11D3-BF4B-00C04F79EFBC}") = "Basic.HTML_CSS_JS", "Basic.HTML_CSS_JS\Basic.HTML_CSS_JS.csproj", "{7C88509B-D885-41EC-AD19-4D6671E8C66A}"
EndProject
Project("{FAE04EC0-301F-11D3-BF4B-00C04F79EFBC}") = "ASPNET.WebForm", "ASPNET.WebForm\ASPNET.WebForm.csproj", "{BA439985-61CE-4FB5-ABE5-E43C349951A9}"
EndProject
Project("{FAE04EC0-301F-11D3-BF4B-00C04F79EFBC}") = "JustLearn.HelperSettings", "JustLearn.HelperSettings\JustLearn.HelperSettings.csproj", "{E2B7208B-16A2-4260-899E-211F4511F032}"
EndProject
Project("{FAE04EC0-301F-11D3-BF4B-00C04F79EFBC}") = "Basic.jQuery", "Basic.jQuery\Basic.jQuery.csproj", "{EF7C9C8E-9CBC-4D28-B435-0CA14FAE6DE9}"
EndProject
Project("{FAE04EC0-301F-11D3-BF4B-00C04F79EFBC}") = "ASPNET.MVC", "ASPNET.MVC\ASPNET.MVC.csproj", "{A7DF8B83-3722-4DAA-934A-99B7BD43497F}"
EndProject
Project("{2150E333-8FDC-42A3-9474-1A3956D46DE8}") = "ORM", "ORM", "{3A16B86A-9287-499F-B35F-C8D7E046B563}"
EndProject
Project("{FAE04EC0-301F-11D3-BF4B-00C04F79EFBC}") = "ORM.EntityFramework", "ORM.EntityFramework\ORM.EntityFramework.csproj", "{B8A24A80-666D-4D0E-8B6A-CF4DE985635F}"
EndProject
Project("{FAE04EC0-301F-11D3-BF4B-00C04F79EFBC}") = "ASPNET.WebAPI", "ASPNET.WebAPI\ASPNET.WebAPI.csproj", "{5A89336E-7968-4D3F-91B6-81B41446168C}"
EndProject
Global
	GlobalSection(SolutionConfigurationPlatforms) = preSolution
		Debug|Any CPU = Debug|Any CPU
		Release|Any CPU = Release|Any CPU
	EndGlobalSection
	GlobalSection(ProjectConfigurationPlatforms) = postSolution
		{DFE64714-09B4-48F6-ACCE-C4C3CE60C88E}.Debug|Any CPU.ActiveCfg = Debug|Any CPU
		{DFE64714-09B4-48F6-ACCE-C4C3CE60C88E}.Debug|Any CPU.Build.0 = Debug|Any CPU
		{DFE64714-09B4-48F6-ACCE-C4C3CE60C88E}.Release|Any CPU.ActiveCfg = Release|Any CPU
		{DFE64714-09B4-48F6-ACCE-C4C3CE60C88E}.Release|Any CPU.Build.0 = Release|Any CPU
		{4581E08C-30D4-43A2-91E6-F9C0F5CE5525}.Debug|Any CPU.ActiveCfg = Debug|Any CPU
		{4581E08C-30D4-43A2-91E6-F9C0F5CE5525}.Debug|Any CPU.Build.0 = Debug|Any CPU
		{4581E08C-30D4-43A2-91E6-F9C0F5CE5525}.Release|Any CPU.ActiveCfg = Release|Any CPU
		{4581E08C-30D4-43A2-91E6-F9C0F5CE5525}.Release|Any CPU.Build.0 = Release|Any CPU
		{E6967AF1-E0F3-4C00-BAF3-DDD9592B98AF}.Debug|Any CPU.ActiveCfg = Debug|Any CPU
		{E6967AF1-E0F3-4C00-BAF3-DDD9592B98AF}.Debug|Any CPU.Build.0 = Debug|Any CPU
		{E6967AF1-E0F3-4C00-BAF3-DDD9592B98AF}.Release|Any CPU.ActiveCfg = Release|Any CPU
		{E6967AF1-E0F3-4C00-BAF3-DDD9592B98AF}.Release|Any CPU.Build.0 = Release|Any CPU
		{FEB0A93C-A9B8-4F83-B4C3-7F4744C1390E}.Debug|Any CPU.ActiveCfg = Debug|Any CPU
		{FEB0A93C-A9B8-4F83-B4C3-7F4744C1390E}.Debug|Any CPU.Build.0 = Debug|Any CPU
		{FEB0A93C-A9B8-4F83-B4C3-7F4744C1390E}.Release|Any CPU.ActiveCfg = Release|Any CPU
		{FEB0A93C-A9B8-4F83-B4C3-7F4744C1390E}.Release|Any CPU.Build.0 = Release|Any CPU
		{73C5BA54-77A7-43F0-8CD4-9B0154F0EC92}.Debug|Any CPU.ActiveCfg = Debug|Any CPU
		{73C5BA54-77A7-43F0-8CD4-9B0154F0EC92}.Debug|Any CPU.Build.0 = Debug|Any CPU
		{73C5BA54-77A7-43F0-8CD4-9B0154F0EC92}.Release|Any CPU.ActiveCfg = Release|Any CPU
		{73C5BA54-77A7-43F0-8CD4-9B0154F0EC92}.Release|Any CPU.Build.0 = Release|Any CPU
		{9D27FD24-AEFC-4D8E-AA07-5BBB780C8C6B}.Debug|Any CPU.ActiveCfg = Debug|Any CPU
		{9D27FD24-AEFC-4D8E-AA07-5BBB780C8C6B}.Debug|Any CPU.Build.0 = Debug|Any CPU
		{9D27FD24-AEFC-4D8E-AA07-5BBB780C8C6B}.Release|Any CPU.ActiveCfg = Release|Any CPU
		{9D27FD24-AEFC-4D8E-AA07-5BBB780C8C6B}.Release|Any CPU.Build.0 = Release|Any CPU
		{68D45797-E4B8-4E3C-B94D-FF9BA69F732A}.Debug|Any CPU.ActiveCfg = Debug|Any CPU
		{68D45797-E4B8-4E3C-B94D-FF9BA69F732A}.Debug|Any CPU.Build.0 = Debug|Any CPU
		{68D45797-E4B8-4E3C-B94D-FF9BA69F732A}.Release|Any CPU.ActiveCfg = Release|Any CPU
		{68D45797-E4B8-4E3C-B94D-FF9BA69F732A}.Release|Any CPU.Build.0 = Release|Any CPU
		{7C10E7D9-A9F7-42DB-BE36-945C66F70B0F}.Debug|Any CPU.ActiveCfg = Debug|Any CPU
		{7C10E7D9-A9F7-42DB-BE36-945C66F70B0F}.Debug|Any CPU.Build.0 = Debug|Any CPU
		{7C10E7D9-A9F7-42DB-BE36-945C66F70B0F}.Release|Any CPU.ActiveCfg = Release|Any CPU
		{7C10E7D9-A9F7-42DB-BE36-945C66F70B0F}.Release|Any CPU.Build.0 = Release|Any CPU
		{7F929F65-FEB8-4DA7-9BBD-B034749F1993}.Debug|Any CPU.ActiveCfg = Debug|Any CPU
		{7F929F65-FEB8-4DA7-9BBD-B034749F1993}.Debug|Any CPU.Build.0 = Debug|Any CPU
		{7F929F65-FEB8-4DA7-9BBD-B034749F1993}.Release|Any CPU.ActiveCfg = Release|Any CPU
		{7F929F65-FEB8-4DA7-9BBD-B034749F1993}.Release|Any CPU.Build.0 = Release|Any CPU
		{F74F2309-7BAF-4E89-A6FD-7873CE051B2C}.Debug|Any CPU.ActiveCfg = Debug|Any CPU
		{F74F2309-7BAF-4E89-A6FD-7873CE051B2C}.Debug|Any CPU.Build.0 = Debug|Any CPU
		{F74F2309-7BAF-4E89-A6FD-7873CE051B2C}.Release|Any CPU.ActiveCfg = Release|Any CPU
		{F74F2309-7BAF-4E89-A6FD-7873CE051B2C}.Release|Any CPU.Build.0 = Release|Any CPU
		{536BDC08-04FB-4C16-A50B-DF80C03B694B}.Debug|Any CPU.ActiveCfg = Debug|Any CPU
		{536BDC08-04FB-4C16-A50B-DF80C03B694B}.Debug|Any CPU.Build.0 = Debug|Any CPU
		{536BDC08-04FB-4C16-A50B-DF80C03B694B}.Release|Any CPU.ActiveCfg = Release|Any CPU
		{536BDC08-04FB-4C16-A50B-DF80C03B694B}.Release|Any CPU.Build.0 = Release|Any CPU
		{06E5D9E3-1835-4C6D-AF86-FC1D43D52E74}.Debug|Any CPU.ActiveCfg = Debug|Any CPU
		{06E5D9E3-1835-4C6D-AF86-FC1D43D52E74}.Debug|Any CPU.Build.0 = Debug|Any CPU
		{06E5D9E3-1835-4C6D-AF86-FC1D43D52E74}.Release|Any CPU.ActiveCfg = Release|Any CPU
		{06E5D9E3-1835-4C6D-AF86-FC1D43D52E74}.Release|Any CPU.Build.0 = Release|Any CPU
		{E74131E9-9556-48D6-A3B1-918A8307707A}.Debug|Any CPU.ActiveCfg = Debug|Any CPU
		{E74131E9-9556-48D6-A3B1-918A8307707A}.Debug|Any CPU.Build.0 = Debug|Any CPU
		{E74131E9-9556-48D6-A3B1-918A8307707A}.Release|Any CPU.ActiveCfg = Release|Any CPU
		{E74131E9-9556-48D6-A3B1-918A8307707A}.Release|Any CPU.Build.0 = Release|Any CPU
		{EF10B184-0FDE-4DC9-BDC8-08D8CDCF2D0F}.Debug|Any CPU.ActiveCfg = Debug|Any CPU
		{EF10B184-0FDE-4DC9-BDC8-08D8CDCF2D0F}.Debug|Any CPU.Build.0 = Debug|Any CPU
		{EF10B184-0FDE-4DC9-BDC8-08D8CDCF2D0F}.Release|Any CPU.ActiveCfg = Release|Any CPU
		{EF10B184-0FDE-4DC9-BDC8-08D8CDCF2D0F}.Release|Any CPU.Build.0 = Release|Any CPU
		{E233CFED-EFCA-42F6-B83C-6B453DB10DF4}.Debug|Any CPU.ActiveCfg = Debug|Any CPU
		{E233CFED-EFCA-42F6-B83C-6B453DB10DF4}.Debug|Any CPU.Build.0 = Debug|Any CPU
		{E233CFED-EFCA-42F6-B83C-6B453DB10DF4}.Release|Any CPU.ActiveCfg = Release|Any CPU
		{E233CFED-EFCA-42F6-B83C-6B453DB10DF4}.Release|Any CPU.Build.0 = Release|Any CPU
		{CCB4CFFD-1017-477E-BB65-D8BE44EDF79E}.Debug|Any CPU.ActiveCfg = Debug|Any CPU
		{CCB4CFFD-1017-477E-BB65-D8BE44EDF79E}.Debug|Any CPU.Build.0 = Debug|Any CPU
		{CCB4CFFD-1017-477E-BB65-D8BE44EDF79E}.Release|Any CPU.ActiveCfg = Release|Any CPU
		{CCB4CFFD-1017-477E-BB65-D8BE44EDF79E}.Release|Any CPU.Build.0 = Release|Any CPU
		{2D6A93D8-3CC4-4389-819A-4A379166BA52}.Debug|Any CPU.ActiveCfg = Debug|Any CPU
		{2D6A93D8-3CC4-4389-819A-4A379166BA52}.Debug|Any CPU.Build.0 = Debug|Any CPU
		{2D6A93D8-3CC4-4389-819A-4A379166BA52}.Release|Any CPU.ActiveCfg = Release|Any CPU
		{2D6A93D8-3CC4-4389-819A-4A379166BA52}.Release|Any CPU.Build.0 = Release|Any CPU
		{8BF7EAD4-FEBC-4EB1-A319-226BC192E165}.Debug|Any CPU.ActiveCfg = Debug|Any CPU
		{8BF7EAD4-FEBC-4EB1-A319-226BC192E165}.Debug|Any CPU.Build.0 = Debug|Any CPU
		{8BF7EAD4-FEBC-4EB1-A319-226BC192E165}.Release|Any CPU.ActiveCfg = Release|Any CPU
		{8BF7EAD4-FEBC-4EB1-A319-226BC192E165}.Release|Any CPU.Build.0 = Release|Any CPU
		{D2430EB1-AD0F-411F-9001-783B9A329464}.Debug|Any CPU.ActiveCfg = Debug|Any CPU
		{D2430EB1-AD0F-411F-9001-783B9A329464}.Debug|Any CPU.Build.0 = Debug|Any CPU
		{D2430EB1-AD0F-411F-9001-783B9A329464}.Release|Any CPU.ActiveCfg = Release|Any CPU
		{D2430EB1-AD0F-411F-9001-783B9A329464}.Release|Any CPU.Build.0 = Release|Any CPU
		{3A49895A-563C-4704-A789-05770C402DDB}.Debug|Any CPU.ActiveCfg = Debug|Any CPU
		{3A49895A-563C-4704-A789-05770C402DDB}.Debug|Any CPU.Build.0 = Debug|Any CPU
		{3A49895A-563C-4704-A789-05770C402DDB}.Release|Any CPU.ActiveCfg = Release|Any CPU
		{3A49895A-563C-4704-A789-05770C402DDB}.Release|Any CPU.Build.0 = Release|Any CPU
		{7C88509B-D885-41EC-AD19-4D6671E8C66A}.Debug|Any CPU.ActiveCfg = Debug|Any CPU
		{7C88509B-D885-41EC-AD19-4D6671E8C66A}.Debug|Any CPU.Build.0 = Debug|Any CPU
		{7C88509B-D885-41EC-AD19-4D6671E8C66A}.Release|Any CPU.ActiveCfg = Release|Any CPU
		{7C88509B-D885-41EC-AD19-4D6671E8C66A}.Release|Any CPU.Build.0 = Release|Any CPU
		{BA439985-61CE-4FB5-ABE5-E43C349951A9}.Debug|Any CPU.ActiveCfg = Debug|Any CPU
		{BA439985-61CE-4FB5-ABE5-E43C349951A9}.Debug|Any CPU.Build.0 = Debug|Any CPU
		{BA439985-61CE-4FB5-ABE5-E43C349951A9}.Release|Any CPU.ActiveCfg = Release|Any CPU
		{BA439985-61CE-4FB5-ABE5-E43C349951A9}.Release|Any CPU.Build.0 = Release|Any CPU
		{E2B7208B-16A2-4260-899E-211F4511F032}.Debug|Any CPU.ActiveCfg = Debug|Any CPU
		{E2B7208B-16A2-4260-899E-211F4511F032}.Debug|Any CPU.Build.0 = Debug|Any CPU
		{E2B7208B-16A2-4260-899E-211F4511F032}.Release|Any CPU.ActiveCfg = Release|Any CPU
		{E2B7208B-16A2-4260-899E-211F4511F032}.Release|Any CPU.Build.0 = Release|Any CPU
		{EF7C9C8E-9CBC-4D28-B435-0CA14FAE6DE9}.Debug|Any CPU.ActiveCfg = Debug|Any CPU
		{EF7C9C8E-9CBC-4D28-B435-0CA14FAE6DE9}.Debug|Any CPU.Build.0 = Debug|Any CPU
		{EF7C9C8E-9CBC-4D28-B435-0CA14FAE6DE9}.Release|Any CPU.ActiveCfg = Release|Any CPU
		{EF7C9C8E-9CBC-4D28-B435-0CA14FAE6DE9}.Release|Any CPU.Build.0 = Release|Any CPU
		{A7DF8B83-3722-4DAA-934A-99B7BD43497F}.Debug|Any CPU.ActiveCfg = Debug|Any CPU
		{A7DF8B83-3722-4DAA-934A-99B7BD43497F}.Debug|Any CPU.Build.0 = Debug|Any CPU
		{A7DF8B83-3722-4DAA-934A-99B7BD43497F}.Release|Any CPU.ActiveCfg = Release|Any CPU
		{A7DF8B83-3722-4DAA-934A-99B7BD43497F}.Release|Any CPU.Build.0 = Release|Any CPU
		{B8A24A80-666D-4D0E-8B6A-CF4DE985635F}.Debug|Any CPU.ActiveCfg = Debug|Any CPU
		{B8A24A80-666D-4D0E-8B6A-CF4DE985635F}.Debug|Any CPU.Build.0 = Debug|Any CPU
		{B8A24A80-666D-4D0E-8B6A-CF4DE985635F}.Release|Any CPU.ActiveCfg = Release|Any CPU
		{B8A24A80-666D-4D0E-8B6A-CF4DE985635F}.Release|Any CPU.Build.0 = Release|Any CPU
		{5A89336E-7968-4D3F-91B6-81B41446168C}.Debug|Any CPU.ActiveCfg = Debug|Any CPU
		{5A89336E-7968-4D3F-91B6-81B41446168C}.Debug|Any CPU.Build.0 = Debug|Any CPU
		{5A89336E-7968-4D3F-91B6-81B41446168C}.Release|Any CPU.ActiveCfg = Release|Any CPU
		{5A89336E-7968-4D3F-91B6-81B41446168C}.Release|Any CPU.Build.0 = Release|Any CPU
	EndGlobalSection
	GlobalSection(SolutionProperties) = preSolution
		HideSolutionNode = FALSE
	EndGlobalSection
	GlobalSection(NestedProjects) = preSolution
		{DFE64714-09B4-48F6-ACCE-C4C3CE60C88E} = {F9416D22-B5F1-4A38-8466-8EA4740988C6}
		{4581E08C-30D4-43A2-91E6-F9C0F5CE5525} = {F9416D22-B5F1-4A38-8466-8EA4740988C6}
		{E6967AF1-E0F3-4C00-BAF3-DDD9592B98AF} = {F9416D22-B5F1-4A38-8466-8EA4740988C6}
		{FEB0A93C-A9B8-4F83-B4C3-7F4744C1390E} = {F9416D22-B5F1-4A38-8466-8EA4740988C6}
		{73C5BA54-77A7-43F0-8CD4-9B0154F0EC92} = {27D3C9FC-C719-4228-A311-8427C561F2C8}
		{FDD208B3-EDC9-42B8-AE51-03AB34429B5A} = {3F175E4C-34E6-4A9D-BF5D-8F4B69211EEE}
		{9D27FD24-AEFC-4D8E-AA07-5BBB780C8C6B} = {FDD208B3-EDC9-42B8-AE51-03AB34429B5A}
		{68D45797-E4B8-4E3C-B94D-FF9BA69F732A} = {78745C07-4FAA-4697-8947-63D5117DEE60}
		{7C10E7D9-A9F7-42DB-BE36-945C66F70B0F} = {942DB413-2B54-4792-8B9D-2A311048009F}
		{7F929F65-FEB8-4DA7-9BBD-B034749F1993} = {BF551718-CC83-4F84-9CFA-93DCAFC35C6D}
		{797B1681-021A-4232-8E95-BDF2123B91C6} = {AE03C70B-4666-4EBE-94AC-75EFD400CCC8}
		{2EFB80E9-4A8B-4696-A0D1-A677680F12FB} = {797B1681-021A-4232-8E95-BDF2123B91C6}
		{5C94F5E8-5217-419D-9019-A194B5CCE09C} = {797B1681-021A-4232-8E95-BDF2123B91C6}
		{2AAE7008-0B2F-4674-A7A7-CC140224FEF0} = {797B1681-021A-4232-8E95-BDF2123B91C6}
		{461B5521-42DD-4CF9-8D86-756CF138F74E} = {797B1681-021A-4232-8E95-BDF2123B91C6}
		{F74F2309-7BAF-4E89-A6FD-7873CE051B2C} = {2EFB80E9-4A8B-4696-A0D1-A677680F12FB}
		{536BDC08-04FB-4C16-A50B-DF80C03B694B} = {5C94F5E8-5217-419D-9019-A194B5CCE09C}
		{06E5D9E3-1835-4C6D-AF86-FC1D43D52E74} = {2C28057B-E690-46E8-B41D-FF92169582B8}
		{E74131E9-9556-48D6-A3B1-918A8307707A} = {2C28057B-E690-46E8-B41D-FF92169582B8}
		{EF10B184-0FDE-4DC9-BDC8-08D8CDCF2D0F} = {2C28057B-E690-46E8-B41D-FF92169582B8}
		{E233CFED-EFCA-42F6-B83C-6B453DB10DF4} = {2C28057B-E690-46E8-B41D-FF92169582B8}
		{A5D6A24D-DC37-4D50-B09D-72CEB3C2AA15} = {3F175E4C-34E6-4A9D-BF5D-8F4B69211EEE}
		{836A7D54-72F1-4C2E-AF1D-919117243A5C} = {8D8CD20A-190F-4A61-B5F9-A569A6C1BBBE}
		{CCB4CFFD-1017-477E-BB65-D8BE44EDF79E} = {FDD208B3-EDC9-42B8-AE51-03AB34429B5A}
		{2D6A93D8-3CC4-4389-819A-4A379166BA52} = {FDD208B3-EDC9-42B8-AE51-03AB34429B5A}
		{8BF7EAD4-FEBC-4EB1-A319-226BC192E165} = {5C94F5E8-5217-419D-9019-A194B5CCE09C}
		{D2430EB1-AD0F-411F-9001-783B9A329464} = {2AAE7008-0B2F-4674-A7A7-CC140224FEF0}
		{3A49895A-563C-4704-A789-05770C402DDB} = {461B5521-42DD-4CF9-8D86-756CF138F74E}
		{7C88509B-D885-41EC-AD19-4D6671E8C66A} = {836A7D54-72F1-4C2E-AF1D-919117243A5C}
		{BA439985-61CE-4FB5-ABE5-E43C349951A9} = {A5D6A24D-DC37-4D50-B09D-72CEB3C2AA15}
		{E2B7208B-16A2-4260-899E-211F4511F032} = {2C28057B-E690-46E8-B41D-FF92169582B8}
		{EF7C9C8E-9CBC-4D28-B435-0CA14FAE6DE9} = {836A7D54-72F1-4C2E-AF1D-919117243A5C}
		{A7DF8B83-3722-4DAA-934A-99B7BD43497F} = {A5D6A24D-DC37-4D50-B09D-72CEB3C2AA15}
		{3A16B86A-9287-499F-B35F-C8D7E046B563} = {3F175E4C-34E6-4A9D-BF5D-8F4B69211EEE}
		{B8A24A80-666D-4D0E-8B6A-CF4DE985635F} = {3A16B86A-9287-499F-B35F-C8D7E046B563}
		{5A89336E-7968-4D3F-91B6-81B41446168C} = {A5D6A24D-DC37-4D50-B09D-72CEB3C2AA15}
	EndGlobalSection
	GlobalSection(ExtensibilityGlobals) = postSolution
		SolutionGuid = {E93C6F1E-AB29-462A-B7FA-75560CBDFED8}
	EndGlobalSection
EndGlobal
